
Microsoft Visual Studio Solution File, Format Version 12.00
# Visual Studio Version 17
VisualStudioVersion = 17.5.002.0
MinimumVisualStudioVersion = 10.0.40219.1
Project("{9A19103F-16F7-4668-BE54-9A1E7A4F7556}") = "api", "api.csproj", "{742F6401-8DEB-4A7A-A7AD-BF8199EB7B7C}"
EndProject
Global
	GlobalSection(SolutionConfigurationPlatforms) = preSolution
		Debug|Any CPU = Debug|Any CPU
		Release|Any CPU = Release|Any CPU
	EndGlobalSection
	GlobalSection(ProjectConfigurationPlatforms) = postSolution
		{742F6401-8DEB-4A7A-A7AD-BF8199EB7B7C}.Debug|Any CPU.ActiveCfg = Debug|Any CPU
		{742F6401-8DEB-4A7A-A7AD-BF8199EB7B7C}.Debug|Any CPU.Build.0 = Debug|Any CPU
		{742F6401-8DEB-4A7A-A7AD-BF8199EB7B7C}.Release|Any CPU.ActiveCfg = Release|Any CPU
		{742F6401-8DEB-4A7A-A7AD-BF8199EB7B7C}.Release|Any CPU.Build.0 = Release|Any CPU
	EndGlobalSection
	GlobalSection(SolutionProperties) = preSolution
		HideSolutionNode = FALSE
	EndGlobalSection
	GlobalSection(ExtensibilityGlobals) = postSolution
		SolutionGuid = {4E3622EE-ADBD-41AC-81E6-4A686F23A892}
	EndGlobalSection
EndGlobal
